
Microsoft Visual Studio Solution File, Format Version 12.00
# Visual Studio Version 17
VisualStudioVersion = 17.3.32922.545
MinimumVisualStudioVersion = 10.0.40219.1
Project("{9A19103F-16F7-4668-BE54-9A1E7A4F7556}") = "WebApi", "WebApi.csproj", "{914AA81A-7DE3-49E2-845E-36CA0364F3DD}"
EndProject
Project("{9A19103F-16F7-4668-BE54-9A1E7A4F7556}") = "Domain", "..\Domain\Domain.csproj", "{800199DB-1038-4169-82CB-2B2E84C613B6}"
EndProject
Project("{9A19103F-16F7-4668-BE54-9A1E7A4F7556}") = "DataAccess.Core", "..\DataAccess.Core\DataAccess.Core.csproj", "{8167F1EF-6453-4EE4-8609-395906DD4BA5}"
EndProject
Global
	GlobalSection(SolutionConfigurationPlatforms) = preSolution
		Debug|Any CPU = Debug|Any CPU
		Release|Any CPU = Release|Any CPU
	EndGlobalSection
	GlobalSection(ProjectConfigurationPlatforms) = postSolution
		{914AA81A-7DE3-49E2-845E-36CA0364F3DD}.Debug|Any CPU.ActiveCfg = Debug|Any CPU
		{914AA81A-7DE3-49E2-845E-36CA0364F3DD}.Debug|Any CPU.Build.0 = Debug|Any CPU
		{914AA81A-7DE3-49E2-845E-36CA0364F3DD}.Release|Any CPU.ActiveCfg = Release|Any CPU
		{914AA81A-7DE3-49E2-845E-36CA0364F3DD}.Release|Any CPU.Build.0 = Release|Any CPU
		{800199DB-1038-4169-82CB-2B2E84C613B6}.Debug|Any CPU.ActiveCfg = Debug|Any CPU
		{800199DB-1038-4169-82CB-2B2E84C613B6}.Debug|Any CPU.Build.0 = Debug|Any CPU
		{800199DB-1038-4169-82CB-2B2E84C613B6}.Release|Any CPU.ActiveCfg = Release|Any CPU
		{800199DB-1038-4169-82CB-2B2E84C613B6}.Release|Any CPU.Build.0 = Release|Any CPU
		{8167F1EF-6453-4EE4-8609-395906DD4BA5}.Debug|Any CPU.ActiveCfg = Debug|Any CPU
		{8167F1EF-6453-4EE4-8609-395906DD4BA5}.Debug|Any CPU.Build.0 = Debug|Any CPU
		{8167F1EF-6453-4EE4-8609-395906DD4BA5}.Release|Any CPU.ActiveCfg = Release|Any CPU
		{8167F1EF-6453-4EE4-8609-395906DD4BA5}.Release|Any CPU.Build.0 = Release|Any CPU
	EndGlobalSection
	GlobalSection(SolutionProperties) = preSolution
		HideSolutionNode = FALSE
	EndGlobalSection
	GlobalSection(ExtensibilityGlobals) = postSolution
		SolutionGuid = {B9CFD0A7-D297-4FF7-AA6B-CAE4CAD571CE}
	EndGlobalSection
EndGlobal
